// !$*UTF8*$!
{
	archiveVersion = 1;
	classes = {
	};
	objectVersion = 50;
	objects = {

/* Begin PBXBuildFile section */
		5711E7F9750701D278BE2104 /* Pods_OpenCVSampleUITests.framework in Frameworks */ = {isa = PBXBuildFile; fileRef = 2009A61E2B2134573C21B520 /* Pods_OpenCVSampleUITests.framework */; };
		590ACBF132DDF46971F45BDE /* Pods_OpenCVSample.framework in Frameworks */ = {isa = PBXBuildFile; fileRef = BB9CF1C004A6DA402A7AAB42 /* Pods_OpenCVSample.framework */; };
		912B020BBEEE4036D0581F8D /* Pods_OpenCVSampleTests.framework in Frameworks */ = {isa = PBXBuildFile; fileRef = BF9E9BF3E9CAC60445D041BD /* Pods_OpenCVSampleTests.framework */; };
		E232D4F6215731BD00F34778 /* DebugFunc.swift in Sources */ = {isa = PBXBuildFile; fileRef = E232D4F5215731BD00F34778 /* DebugFunc.swift */; };
		E232D4F82157499A00F34778 /* Wink.swift in Sources */ = {isa = PBXBuildFile; fileRef = E232D4F72157499A00F34778 /* Wink.swift */; };
		E299875B214BA3170078E849 /* AppDelegate.swift in Sources */ = {isa = PBXBuildFile; fileRef = E299875A214BA3170078E849 /* AppDelegate.swift */; };
		E299875D214BA3170078E849 /* ViewController.swift in Sources */ = {isa = PBXBuildFile; fileRef = E299875C214BA3170078E849 /* ViewController.swift */; };
		E2998760214BA3170078E849 /* Main.storyboard in Resources */ = {isa = PBXBuildFile; fileRef = E299875E214BA3170078E849 /* Main.storyboard */; };
		E2998762214BA3180078E849 /* Assets.xcassets in Resources */ = {isa = PBXBuildFile; fileRef = E2998761214BA3180078E849 /* Assets.xcassets */; };
		E2998765214BA3180078E849 /* LaunchScreen.storyboard in Resources */ = {isa = PBXBuildFile; fileRef = E2998763214BA3180078E849 /* LaunchScreen.storyboard */; };
		E2998770214BA3180078E849 /* OpenCVSampleTests.swift in Sources */ = {isa = PBXBuildFile; fileRef = E299876F214BA3180078E849 /* OpenCVSampleTests.swift */; };
		E299877B214BA3180078E849 /* OpenCVSampleUITests.swift in Sources */ = {isa = PBXBuildFile; fileRef = E299877A214BA3180078E849 /* OpenCVSampleUITests.swift */; };
		E29987C9214DF7830078E849 /* OpenCV.mm in Sources */ = {isa = PBXBuildFile; fileRef = E29987C8214DF7830078E849 /* OpenCV.mm */; };
		E2A3F9192154905800A8F756 /* ImageEnum.swift in Sources */ = {isa = PBXBuildFile; fileRef = E2A3F9182154905800A8F756 /* ImageEnum.swift */; };
		E2A3F91D2154960900A8F756 /* Date.swift in Sources */ = {isa = PBXBuildFile; fileRef = E2A3F91C2154960900A8F756 /* Date.swift */; };
		E2A3F9232154E75000A8F756 /* UIImage.swift in Sources */ = {isa = PBXBuildFile; fileRef = E2A3F9222154E75000A8F756 /* UIImage.swift */; };
		E2A3F95E215718D400A8F756 /* haarcascade_eye.xml in Resources */ = {isa = PBXBuildFile; fileRef = E2A3F95D215718D400A8F756 /* haarcascade_eye.xml */; };
		E2A3F960215718DE00A8F756 /* haarcascade_frontalface_alt.xml in Resources */ = {isa = PBXBuildFile; fileRef = E2A3F95F215718DE00A8F756 /* haarcascade_frontalface_alt.xml */; };
		E2A3F9622157199500A8F756 /* CascadeNameEnum.swift in Sources */ = {isa = PBXBuildFile; fileRef = E2A3F9612157199500A8F756 /* CascadeNameEnum.swift */; };
		E2A3F9642157230800A8F756 /* CGFloat.swift in Sources */ = {isa = PBXBuildFile; fileRef = E2A3F9632157230800A8F756 /* CGFloat.swift */; };
/* End PBXBuildFile section */

/* Begin PBXContainerItemProxy section */
		E299876C214BA3180078E849 /* PBXContainerItemProxy */ = {
			isa = PBXContainerItemProxy;
			containerPortal = E299874F214BA3170078E849 /* Project object */;
			proxyType = 1;
			remoteGlobalIDString = E2998756214BA3170078E849;
			remoteInfo = OpenCVSample;
		};
		E2998777214BA3180078E849 /* PBXContainerItemProxy */ = {
			isa = PBXContainerItemProxy;
			containerPortal = E299874F214BA3170078E849 /* Project object */;
			proxyType = 1;
			remoteGlobalIDString = E2998756214BA3170078E849;
			remoteInfo = OpenCVSample;
		};
/* End PBXContainerItemProxy section */

/* Begin PBXFileReference section */
		2009A61E2B2134573C21B520 /* Pods_OpenCVSampleUITests.framework */ = {isa = PBXFileReference; explicitFileType = wrapper.framework; includeInIndex = 0; path = Pods_OpenCVSampleUITests.framework; sourceTree = BUILT_PRODUCTS_DIR; };
		87EDB350E838270207DCE8D1 /* Pods-OpenCVSampleTests.debug.xcconfig */ = {isa = PBXFileReference; includeInIndex = 1; lastKnownFileType = text.xcconfig; name = "Pods-OpenCVSampleTests.debug.xcconfig"; path = "Pods/Target Support Files/Pods-OpenCVSampleTests/Pods-OpenCVSampleTests.debug.xcconfig"; sourceTree = "<group>"; };
		8977A3A3A5B414FED1E8F500 /* Pods-OpenCVSample.debug.xcconfig */ = {isa = PBXFileReference; includeInIndex = 1; lastKnownFileType = text.xcconfig; name = "Pods-OpenCVSample.debug.xcconfig"; path = "Pods/Target Support Files/Pods-OpenCVSample/Pods-OpenCVSample.debug.xcconfig"; sourceTree = "<group>"; };
		9FB0A977A534A0E0285E06B3 /* Pods-OpenCVSampleUITests.debug.xcconfig */ = {isa = PBXFileReference; includeInIndex = 1; lastKnownFileType = text.xcconfig; name = "Pods-OpenCVSampleUITests.debug.xcconfig"; path = "Pods/Target Support Files/Pods-OpenCVSampleUITests/Pods-OpenCVSampleUITests.debug.xcconfig"; sourceTree = "<group>"; };
		BA696DE8A6B336AEDCFB7ABB /* Pods-OpenCVSampleUITests.release.xcconfig */ = {isa = PBXFileReference; includeInIndex = 1; lastKnownFileType = text.xcconfig; name = "Pods-OpenCVSampleUITests.release.xcconfig"; path = "Pods/Target Support Files/Pods-OpenCVSampleUITests/Pods-OpenCVSampleUITests.release.xcconfig"; sourceTree = "<group>"; };
		BB9CF1C004A6DA402A7AAB42 /* Pods_OpenCVSample.framework */ = {isa = PBXFileReference; explicitFileType = wrapper.framework; includeInIndex = 0; path = Pods_OpenCVSample.framework; sourceTree = BUILT_PRODUCTS_DIR; };
		BF9E9BF3E9CAC60445D041BD /* Pods_OpenCVSampleTests.framework */ = {isa = PBXFileReference; explicitFileType = wrapper.framework; includeInIndex = 0; path = Pods_OpenCVSampleTests.framework; sourceTree = BUILT_PRODUCTS_DIR; };
		DA859D2DB0B13D32C1051EA7 /* Pods-OpenCVSample.release.xcconfig */ = {isa = PBXFileReference; includeInIndex = 1; lastKnownFileType = text.xcconfig; name = "Pods-OpenCVSample.release.xcconfig"; path = "Pods/Target Support Files/Pods-OpenCVSample/Pods-OpenCVSample.release.xcconfig"; sourceTree = "<group>"; };
		DAF48496AC33F71F50D26020 /* Pods-OpenCVSampleTests.release.xcconfig */ = {isa = PBXFileReference; includeInIndex = 1; lastKnownFileType = text.xcconfig; name = "Pods-OpenCVSampleTests.release.xcconfig"; path = "Pods/Target Support Files/Pods-OpenCVSampleTests/Pods-OpenCVSampleTests.release.xcconfig"; sourceTree = "<group>"; };
		E232D4F5215731BD00F34778 /* DebugFunc.swift */ = {isa = PBXFileReference; fileEncoding = 4; lastKnownFileType = sourcecode.swift; path = DebugFunc.swift; sourceTree = "<group>"; };
		E232D4F72157499A00F34778 /* Wink.swift */ = {isa = PBXFileReference; lastKnownFileType = sourcecode.swift; path = Wink.swift; sourceTree = "<group>"; };
		E2998757214BA3170078E849 /* OpenCVSample.app */ = {isa = PBXFileReference; explicitFileType = wrapper.application; includeInIndex = 0; path = OpenCVSample.app; sourceTree = BUILT_PRODUCTS_DIR; };
		E299875A214BA3170078E849 /* AppDelegate.swift */ = {isa = PBXFileReference; lastKnownFileType = sourcecode.swift; path = AppDelegate.swift; sourceTree = "<group>"; };
		E299875C214BA3170078E849 /* ViewController.swift */ = {isa = PBXFileReference; lastKnownFileType = sourcecode.swift; path = ViewController.swift; sourceTree = "<group>"; };
		E299875F214BA3170078E849 /* Base */ = {isa = PBXFileReference; lastKnownFileType = file.storyboard; name = Base; path = Base.lproj/Main.storyboard; sourceTree = "<group>"; };
		E2998761214BA3180078E849 /* Assets.xcassets */ = {isa = PBXFileReference; lastKnownFileType = folder.assetcatalog; path = Assets.xcassets; sourceTree = "<group>"; };
		E2998764214BA3180078E849 /* Base */ = {isa = PBXFileReference; lastKnownFileType = file.storyboard; name = Base; path = Base.lproj/LaunchScreen.storyboard; sourceTree = "<group>"; };
		E2998766214BA3180078E849 /* Info.plist */ = {isa = PBXFileReference; lastKnownFileType = text.plist.xml; path = Info.plist; sourceTree = "<group>"; };
		E299876B214BA3180078E849 /* OpenCVSampleTests.xctest */ = {isa = PBXFileReference; explicitFileType = wrapper.cfbundle; includeInIndex = 0; path = OpenCVSampleTests.xctest; sourceTree = BUILT_PRODUCTS_DIR; };
		E299876F214BA3180078E849 /* OpenCVSampleTests.swift */ = {isa = PBXFileReference; lastKnownFileType = sourcecode.swift; path = OpenCVSampleTests.swift; sourceTree = "<group>"; };
		E2998771214BA3180078E849 /* Info.plist */ = {isa = PBXFileReference; lastKnownFileType = text.plist.xml; path = Info.plist; sourceTree = "<group>"; };
		E2998776214BA3180078E849 /* OpenCVSampleUITests.xctest */ = {isa = PBXFileReference; explicitFileType = wrapper.cfbundle; includeInIndex = 0; path = OpenCVSampleUITests.xctest; sourceTree = BUILT_PRODUCTS_DIR; };
		E299877A214BA3180078E849 /* OpenCVSampleUITests.swift */ = {isa = PBXFileReference; lastKnownFileType = sourcecode.swift; path = OpenCVSampleUITests.swift; sourceTree = "<group>"; };
		E299877C214BA3180078E849 /* Info.plist */ = {isa = PBXFileReference; lastKnownFileType = text.plist.xml; path = Info.plist; sourceTree = "<group>"; };
		E29987C7214DF7830078E849 /* OpenCV.h */ = {isa = PBXFileReference; lastKnownFileType = sourcecode.c.h; path = OpenCV.h; sourceTree = "<group>"; };
		E29987C8214DF7830078E849 /* OpenCV.mm */ = {isa = PBXFileReference; lastKnownFileType = sourcecode.cpp.objcpp; path = OpenCV.mm; sourceTree = "<group>"; };
		E29987CA214DF7930078E849 /* OpenCVSample-Bridging-Header.h */ = {isa = PBXFileReference; lastKnownFileType = sourcecode.c.h; path = "OpenCVSample-Bridging-Header.h"; sourceTree = "<group>"; };
		E2A3F9182154905800A8F756 /* ImageEnum.swift */ = {isa = PBXFileReference; lastKnownFileType = sourcecode.swift; path = ImageEnum.swift; sourceTree = "<group>"; };
		E2A3F91C2154960900A8F756 /* Date.swift */ = {isa = PBXFileReference; lastKnownFileType = sourcecode.swift; path = Date.swift; sourceTree = "<group>"; };
		E2A3F9222154E75000A8F756 /* UIImage.swift */ = {isa = PBXFileReference; lastKnownFileType = sourcecode.swift; path = UIImage.swift; sourceTree = "<group>"; };
		E2A3F95D215718D400A8F756 /* haarcascade_eye.xml */ = {isa = PBXFileReference; fileEncoding = 4; lastKnownFileType = text.xml; path = haarcascade_eye.xml; sourceTree = "<group>"; };
		E2A3F95F215718DE00A8F756 /* haarcascade_frontalface_alt.xml */ = {isa = PBXFileReference; fileEncoding = 4; lastKnownFileType = text.xml; path = haarcascade_frontalface_alt.xml; sourceTree = "<group>"; };
		E2A3F9612157199500A8F756 /* CascadeNameEnum.swift */ = {isa = PBXFileReference; lastKnownFileType = sourcecode.swift; path = CascadeNameEnum.swift; sourceTree = "<group>"; };
		E2A3F9632157230800A8F756 /* CGFloat.swift */ = {isa = PBXFileReference; lastKnownFileType = sourcecode.swift; path = CGFloat.swift; sourceTree = "<group>"; };
/* End PBXFileReference section */

/* Begin PBXFrameworksBuildPhase section */
		E2998754214BA3170078E849 /* Frameworks */ = {
			isa = PBXFrameworksBuildPhase;
			buildActionMask = 2147483647;
			files = (
				590ACBF132DDF46971F45BDE /* Pods_OpenCVSample.framework in Frameworks */,
			);
			runOnlyForDeploymentPostprocessing = 0;
		};
		E2998768214BA3180078E849 /* Frameworks */ = {
			isa = PBXFrameworksBuildPhase;
			buildActionMask = 2147483647;
			files = (
				912B020BBEEE4036D0581F8D /* Pods_OpenCVSampleTests.framework in Frameworks */,
			);
			runOnlyForDeploymentPostprocessing = 0;
		};
		E2998773214BA3180078E849 /* Frameworks */ = {
			isa = PBXFrameworksBuildPhase;
			buildActionMask = 2147483647;
			files = (
				5711E7F9750701D278BE2104 /* Pods_OpenCVSampleUITests.framework in Frameworks */,
			);
			runOnlyForDeploymentPostprocessing = 0;
		};
/* End PBXFrameworksBuildPhase section */

/* Begin PBXGroup section */
		38D90C27EE1E10AE676B8F1A /* Frameworks */ = {
			isa = PBXGroup;
			children = (
				BB9CF1C004A6DA402A7AAB42 /* Pods_OpenCVSample.framework */,
				BF9E9BF3E9CAC60445D041BD /* Pods_OpenCVSampleTests.framework */,
				2009A61E2B2134573C21B520 /* Pods_OpenCVSampleUITests.framework */,
			);
			name = Frameworks;
			sourceTree = "<group>";
		};
		E22D1E9D411E16855862B1EF /* Pods */ = {
			isa = PBXGroup;
			children = (
				8977A3A3A5B414FED1E8F500 /* Pods-OpenCVSample.debug.xcconfig */,
				DA859D2DB0B13D32C1051EA7 /* Pods-OpenCVSample.release.xcconfig */,
				87EDB350E838270207DCE8D1 /* Pods-OpenCVSampleTests.debug.xcconfig */,
				DAF48496AC33F71F50D26020 /* Pods-OpenCVSampleTests.release.xcconfig */,
				9FB0A977A534A0E0285E06B3 /* Pods-OpenCVSampleUITests.debug.xcconfig */,
				BA696DE8A6B336AEDCFB7ABB /* Pods-OpenCVSampleUITests.release.xcconfig */,
			);
			name = Pods;
			sourceTree = "<group>";
		};
		E299874E214BA3170078E849 = {
			isa = PBXGroup;
			children = (
				E2998759214BA3170078E849 /* OpenCVSample */,
				E299876E214BA3180078E849 /* OpenCVSampleTests */,
				E2998779214BA3180078E849 /* OpenCVSampleUITests */,
				E2998758214BA3170078E849 /* Products */,
				E22D1E9D411E16855862B1EF /* Pods */,
				38D90C27EE1E10AE676B8F1A /* Frameworks */,
			);
			sourceTree = "<group>";
		};
		E2998758214BA3170078E849 /* Products */ = {
			isa = PBXGroup;
			children = (
				E2998757214BA3170078E849 /* OpenCVSample.app */,
				E299876B214BA3180078E849 /* OpenCVSampleTests.xctest */,
				E2998776214BA3180078E849 /* OpenCVSampleUITests.xctest */,
			);
			name = Products;
			sourceTree = "<group>";
		};
		E2998759214BA3170078E849 /* OpenCVSample */ = {
			isa = PBXGroup;
			children = (
				E2A3F91B215495F200A8F756 /* Extension */,
				E2998788214BA38C0078E849 /* Assets */,
				E299875C214BA3170078E849 /* ViewController.swift */,
				E299875E214BA3170078E849 /* Main.storyboard */,
				E29987CA214DF7930078E849 /* OpenCVSample-Bridging-Header.h */,
				E29987C7214DF7830078E849 /* OpenCV.h */,
				E29987C8214DF7830078E849 /* OpenCV.mm */,
			);
			path = OpenCVSample;
			sourceTree = "<group>";
		};
		E299876E214BA3180078E849 /* OpenCVSampleTests */ = {
			isa = PBXGroup;
			children = (
				E299876F214BA3180078E849 /* OpenCVSampleTests.swift */,
				E2998771214BA3180078E849 /* Info.plist */,
			);
			path = OpenCVSampleTests;
			sourceTree = "<group>";
		};
		E2998779214BA3180078E849 /* OpenCVSampleUITests */ = {
			isa = PBXGroup;
			children = (
				E299877A214BA3180078E849 /* OpenCVSampleUITests.swift */,
				E299877C214BA3180078E849 /* Info.plist */,
			);
			path = OpenCVSampleUITests;
			sourceTree = "<group>";
		};
		E2998788214BA38C0078E849 /* Assets */ = {
			isa = PBXGroup;
			children = (
				E2A3F95C215718C100A8F756 /* CascadeFile */,
				E299875A214BA3170078E849 /* AppDelegate.swift */,
				E2A3F91A2154905D00A8F756 /* Enum */,
				E2998761214BA3180078E849 /* Assets.xcassets */,
				E2998763214BA3180078E849 /* LaunchScreen.storyboard */,
				E2998766214BA3180078E849 /* Info.plist */,
			);
			path = Assets;
			sourceTree = "<group>";
		};
		E2A3F91A2154905D00A8F756 /* Enum */ = {
			isa = PBXGroup;
			children = (
				E2A3F9182154905800A8F756 /* ImageEnum.swift */,
				E2A3F9612157199500A8F756 /* CascadeNameEnum.swift */,
				E232D4F72157499A00F34778 /* Wink.swift */,
			);
			path = Enum;
			sourceTree = "<group>";
		};
		E2A3F91B215495F200A8F756 /* Extension */ = {
			isa = PBXGroup;
			children = (
				E232D4F5215731BD00F34778 /* DebugFunc.swift */,
				E2A3F91C2154960900A8F756 /* Date.swift */,
				E2A3F9222154E75000A8F756 /* UIImage.swift */,
				E2A3F9632157230800A8F756 /* CGFloat.swift */,
			);
			path = Extension;
			sourceTree = "<group>";
		};
		E2A3F95C215718C100A8F756 /* CascadeFile */ = {
			isa = PBXGroup;
			children = (
				E2A3F95F215718DE00A8F756 /* haarcascade_frontalface_alt.xml */,
				E2A3F95D215718D400A8F756 /* haarcascade_eye.xml */,
			);
			path = CascadeFile;
			sourceTree = "<group>";
		};
/* End PBXGroup section */

/* Begin PBXNativeTarget section */
		E2998756214BA3170078E849 /* OpenCVSample */ = {
			isa = PBXNativeTarget;
			buildConfigurationList = E299877F214BA3180078E849 /* Build configuration list for PBXNativeTarget "OpenCVSample" */;
			buildPhases = (
				2CCE886506582FDAF5FB1C55 /* [CP] Check Pods Manifest.lock */,
				E2998753214BA3170078E849 /* Sources */,
				E2998754214BA3170078E849 /* Frameworks */,
				E2998755214BA3170078E849 /* Resources */,
			);
			buildRules = (
			);
			dependencies = (
			);
			name = OpenCVSample;
			productName = OpenCVSample;
			productReference = E2998757214BA3170078E849 /* OpenCVSample.app */;
			productType = "com.apple.product-type.application";
		};
		E299876A214BA3180078E849 /* OpenCVSampleTests */ = {
			isa = PBXNativeTarget;
			buildConfigurationList = E2998782214BA3180078E849 /* Build configuration list for PBXNativeTarget "OpenCVSampleTests" */;
			buildPhases = (
				601FFF56756E5290DBB58D3D /* [CP] Check Pods Manifest.lock */,
				E2998767214BA3180078E849 /* Sources */,
				E2998768214BA3180078E849 /* Frameworks */,
				E2998769214BA3180078E849 /* Resources */,
			);
			buildRules = (
			);
			dependencies = (
				E299876D214BA3180078E849 /* PBXTargetDependency */,
			);
			name = OpenCVSampleTests;
			productName = OpenCVSampleTests;
			productReference = E299876B214BA3180078E849 /* OpenCVSampleTests.xctest */;
			productType = "com.apple.product-type.bundle.unit-test";
		};
		E2998775214BA3180078E849 /* OpenCVSampleUITests */ = {
			isa = PBXNativeTarget;
			buildConfigurationList = E2998785214BA3180078E849 /* Build configuration list for PBXNativeTarget "OpenCVSampleUITests" */;
			buildPhases = (
				5BF0A771C5535A146A54D024 /* [CP] Check Pods Manifest.lock */,
				E2998772214BA3180078E849 /* Sources */,
				E2998773214BA3180078E849 /* Frameworks */,
				E2998774214BA3180078E849 /* Resources */,
			);
			buildRules = (
			);
			dependencies = (
				E2998778214BA3180078E849 /* PBXTargetDependency */,
			);
			name = OpenCVSampleUITests;
			productName = OpenCVSampleUITests;
			productReference = E2998776214BA3180078E849 /* OpenCVSampleUITests.xctest */;
			productType = "com.apple.product-type.bundle.ui-testing";
		};
/* End PBXNativeTarget section */

/* Begin PBXProject section */
		E299874F214BA3170078E849 /* Project object */ = {
			isa = PBXProject;
			attributes = {
				LastSwiftUpdateCheck = 0940;
				LastUpgradeCheck = 0940;
				ORGANIZATIONNAME = "Kyohei Hakka";
				TargetAttributes = {
					E2998756214BA3170078E849 = {
						CreatedOnToolsVersion = 9.4.1;
						LastSwiftMigration = 1000;
					};
					E299876A214BA3180078E849 = {
						CreatedOnToolsVersion = 9.4.1;
						LastSwiftMigration = 1000;
						TestTargetID = E2998756214BA3170078E849;
					};
					E2998775214BA3180078E849 = {
						CreatedOnToolsVersion = 9.4.1;
						LastSwiftMigration = 1000;
						TestTargetID = E2998756214BA3170078E849;
					};
				};
			};
			buildConfigurationList = E2998752214BA3170078E849 /* Build configuration list for PBXProject "OpenCVSample" */;
			compatibilityVersion = "Xcode 9.3";
			developmentRegion = en;
			hasScannedForEncodings = 0;
			knownRegions = (
				en,
				Base,
			);
			mainGroup = E299874E214BA3170078E849;
			productRefGroup = E2998758214BA3170078E849 /* Products */;
			projectDirPath = "";
			projectRoot = "";
			targets = (
				E2998756214BA3170078E849 /* OpenCVSample */,
				E299876A214BA3180078E849 /* OpenCVSampleTests */,
				E2998775214BA3180078E849 /* OpenCVSampleUITests */,
			);
		};
/* End PBXProject section */

/* Begin PBXResourcesBuildPhase section */
		E2998755214BA3170078E849 /* Resources */ = {
			isa = PBXResourcesBuildPhase;
			buildActionMask = 2147483647;
			files = (
				E2A3F960215718DE00A8F756 /* haarcascade_frontalface_alt.xml in Resources */,
				E2A3F95E215718D400A8F756 /* haarcascade_eye.xml in Resources */,
				E2998765214BA3180078E849 /* LaunchScreen.storyboard in Resources */,
				E2998762214BA3180078E849 /* Assets.xcassets in Resources */,
				E2998760214BA3170078E849 /* Main.storyboard in Resources */,
			);
			runOnlyForDeploymentPostprocessing = 0;
		};
		E2998769214BA3180078E849 /* Resources */ = {
			isa = PBXResourcesBuildPhase;
			buildActionMask = 2147483647;
			files = (
			);
			runOnlyForDeploymentPostprocessing = 0;
		};
		E2998774214BA3180078E849 /* Resources */ = {
			isa = PBXResourcesBuildPhase;
			buildActionMask = 2147483647;
			files = (
			);
			runOnlyForDeploymentPostprocessing = 0;
		};
/* End PBXResourcesBuildPhase section */

/* Begin PBXShellScriptBuildPhase section */
		2CCE886506582FDAF5FB1C55 /* [CP] Check Pods Manifest.lock */ = {
			isa = PBXShellScriptBuildPhase;
			buildActionMask = 2147483647;
			files = (
			);
			inputPaths = (
				"${PODS_PODFILE_DIR_PATH}/Podfile.lock",
				"${PODS_ROOT}/Manifest.lock",
			);
			name = "[CP] Check Pods Manifest.lock";
			outputPaths = (
				"$(DERIVED_FILE_DIR)/Pods-OpenCVSample-checkManifestLockResult.txt",
			);
			runOnlyForDeploymentPostprocessing = 0;
			shellPath = /bin/sh;
			shellScript = "diff \"${PODS_PODFILE_DIR_PATH}/Podfile.lock\" \"${PODS_ROOT}/Manifest.lock\" > /dev/null\nif [ $? != 0 ] ; then\n    # print error to STDERR\n    echo \"error: The sandbox is not in sync with the Podfile.lock. Run 'pod install' or update your CocoaPods installation.\" >&2\n    exit 1\nfi\n# This output is used by Xcode 'outputs' to avoid re-running this script phase.\necho \"SUCCESS\" > \"${SCRIPT_OUTPUT_FILE_0}\"\n";
			showEnvVarsInLog = 0;
		};
		5BF0A771C5535A146A54D024 /* [CP] Check Pods Manifest.lock */ = {
			isa = PBXShellScriptBuildPhase;
			buildActionMask = 2147483647;
			files = (
			);
			inputPaths = (
				"${PODS_PODFILE_DIR_PATH}/Podfile.lock",
				"${PODS_ROOT}/Manifest.lock",
			);
			name = "[CP] Check Pods Manifest.lock";
			outputPaths = (
				"$(DERIVED_FILE_DIR)/Pods-OpenCVSampleUITests-checkManifestLockResult.txt",
			);
			runOnlyForDeploymentPostprocessing = 0;
			shellPath = /bin/sh;
			shellScript = "diff \"${PODS_PODFILE_DIR_PATH}/Podfile.lock\" \"${PODS_ROOT}/Manifest.lock\" > /dev/null\nif [ $? != 0 ] ; then\n    # print error to STDERR\n    echo \"error: The sandbox is not in sync with the Podfile.lock. Run 'pod install' or update your CocoaPods installation.\" >&2\n    exit 1\nfi\n# This output is used by Xcode 'outputs' to avoid re-running this script phase.\necho \"SUCCESS\" > \"${SCRIPT_OUTPUT_FILE_0}\"\n";
			showEnvVarsInLog = 0;
		};
		601FFF56756E5290DBB58D3D /* [CP] Check Pods Manifest.lock */ = {
			isa = PBXShellScriptBuildPhase;
			buildActionMask = 2147483647;
			files = (
			);
			inputPaths = (
				"${PODS_PODFILE_DIR_PATH}/Podfile.lock",
				"${PODS_ROOT}/Manifest.lock",
			);
			name = "[CP] Check Pods Manifest.lock";
			outputPaths = (
				"$(DERIVED_FILE_DIR)/Pods-OpenCVSampleTests-checkManifestLockResult.txt",
			);
			runOnlyForDeploymentPostprocessing = 0;
			shellPath = /bin/sh;
			shellScript = "diff \"${PODS_PODFILE_DIR_PATH}/Podfile.lock\" \"${PODS_ROOT}/Manifest.lock\" > /dev/null\nif [ $? != 0 ] ; then\n    # print error to STDERR\n    echo \"error: The sandbox is not in sync with the Podfile.lock. Run 'pod install' or update your CocoaPods installation.\" >&2\n    exit 1\nfi\n# This output is used by Xcode 'outputs' to avoid re-running this script phase.\necho \"SUCCESS\" > \"${SCRIPT_OUTPUT_FILE_0}\"\n";
			showEnvVarsInLog = 0;
		};
/* End PBXShellScriptBuildPhase section */

/* Begin PBXSourcesBuildPhase section */
		E2998753214BA3170078E849 /* Sources */ = {
			isa = PBXSourcesBuildPhase;
			buildActionMask = 2147483647;
			files = (
				E2A3F9642157230800A8F756 /* CGFloat.swift in Sources */,
				E2A3F9622157199500A8F756 /* CascadeNameEnum.swift in Sources */,
				E299875D214BA3170078E849 /* ViewController.swift in Sources */,
				E2A3F91D2154960900A8F756 /* Date.swift in Sources */,
				E232D4F6215731BD00F34778 /* DebugFunc.swift in Sources */,
				E29987C9214DF7830078E849 /* OpenCV.mm in Sources */,
				E232D4F82157499A00F34778 /* Wink.swift in Sources */,
				E2A3F9192154905800A8F756 /* ImageEnum.swift in Sources */,
				E299875B214BA3170078E849 /* AppDelegate.swift in Sources */,
				E2A3F9232154E75000A8F756 /* UIImage.swift in Sources */,
			);
			runOnlyForDeploymentPostprocessing = 0;
		};
		E2998767214BA3180078E849 /* Sources */ = {
			isa = PBXSourcesBuildPhase;
			buildActionMask = 2147483647;
			files = (
				E2998770214BA3180078E849 /* OpenCVSampleTests.swift in Sources */,
			);
			runOnlyForDeploymentPostprocessing = 0;
		};
		E2998772214BA3180078E849 /* Sources */ = {
			isa = PBXSourcesBuildPhase;
			buildActionMask = 2147483647;
			files = (
				E299877B214BA3180078E849 /* OpenCVSampleUITests.swift in Sources */,
			);
			runOnlyForDeploymentPostprocessing = 0;
		};
/* End PBXSourcesBuildPhase section */

/* Begin PBXTargetDependency section */
		E299876D214BA3180078E849 /* PBXTargetDependency */ = {
			isa = PBXTargetDependency;
			target = E2998756214BA3170078E849 /* OpenCVSample */;
			targetProxy = E299876C214BA3180078E849 /* PBXContainerItemProxy */;
		};
		E2998778214BA3180078E849 /* PBXTargetDependency */ = {
			isa = PBXTargetDependency;
			target = E2998756214BA3170078E849 /* OpenCVSample */;
			targetProxy = E2998777214BA3180078E849 /* PBXContainerItemProxy */;
		};
/* End PBXTargetDependency section */

/* Begin PBXVariantGroup section */
		E299875E214BA3170078E849 /* Main.storyboard */ = {
			isa = PBXVariantGroup;
			children = (
				E299875F214BA3170078E849 /* Base */,
			);
			name = Main.storyboard;
			sourceTree = "<group>";
		};
		E2998763214BA3180078E849 /* LaunchScreen.storyboard */ = {
			isa = PBXVariantGroup;
			children = (
				E2998764214BA3180078E849 /* Base */,
			);
			name = LaunchScreen.storyboard;
			sourceTree = "<group>";
		};
/* End PBXVariantGroup section */

/* Begin XCBuildConfiguration section */
		E299877D214BA3180078E849 /* Debug */ = {
			isa = XCBuildConfiguration;
			buildSettings = {
				ALWAYS_SEARCH_USER_PATHS = NO;
				CLANG_ANALYZER_NONNULL = YES;
				CLANG_ANALYZER_NUMBER_OBJECT_CONVERSION = YES_AGGRESSIVE;
				CLANG_CXX_LANGUAGE_STANDARD = "gnu++14";
				CLANG_CXX_LIBRARY = "libc++";
				CLANG_ENABLE_MODULES = YES;
				CLANG_ENABLE_OBJC_ARC = YES;
				CLANG_ENABLE_OBJC_WEAK = YES;
				CLANG_WARN_BLOCK_CAPTURE_AUTORELEASING = YES;
				CLANG_WARN_BOOL_CONVERSION = YES;
				CLANG_WARN_COMMA = YES;
				CLANG_WARN_CONSTANT_CONVERSION = YES;
				CLANG_WARN_DEPRECATED_OBJC_IMPLEMENTATIONS = YES;
				CLANG_WARN_DIRECT_OBJC_ISA_USAGE = YES_ERROR;
				CLANG_WARN_DOCUMENTATION_COMMENTS = YES;
				CLANG_WARN_EMPTY_BODY = YES;
				CLANG_WARN_ENUM_CONVERSION = YES;
				CLANG_WARN_INFINITE_RECURSION = YES;
				CLANG_WARN_INT_CONVERSION = YES;
				CLANG_WARN_NON_LITERAL_NULL_CONVERSION = YES;
				CLANG_WARN_OBJC_IMPLICIT_RETAIN_SELF = YES;
				CLANG_WARN_OBJC_LITERAL_CONVERSION = YES;
				CLANG_WARN_OBJC_ROOT_CLASS = YES_ERROR;
				CLANG_WARN_RANGE_LOOP_ANALYSIS = YES;
				CLANG_WARN_STRICT_PROTOTYPES = YES;
				CLANG_WARN_SUSPICIOUS_MOVE = YES;
				CLANG_WARN_UNGUARDED_AVAILABILITY = YES_AGGRESSIVE;
				CLANG_WARN_UNREACHABLE_CODE = YES;
				CLANG_WARN__DUPLICATE_METHOD_MATCH = YES;
				CODE_SIGN_IDENTITY = "iPhone Developer";
				COPY_PHASE_STRIP = NO;
				DEBUG_INFORMATION_FORMAT = dwarf;
				ENABLE_STRICT_OBJC_MSGSEND = YES;
				ENABLE_TESTABILITY = YES;
				GCC_C_LANGUAGE_STANDARD = gnu11;
				GCC_DYNAMIC_NO_PIC = NO;
				GCC_NO_COMMON_BLOCKS = YES;
				GCC_OPTIMIZATION_LEVEL = 0;
				GCC_PREPROCESSOR_DEFINITIONS = (
					"DEBUG=1",
					"$(inherited)",
				);
				GCC_WARN_64_TO_32_BIT_CONVERSION = YES;
				GCC_WARN_ABOUT_RETURN_TYPE = YES_ERROR;
				GCC_WARN_UNDECLARED_SELECTOR = YES;
				GCC_WARN_UNINITIALIZED_AUTOS = YES_AGGRESSIVE;
				GCC_WARN_UNUSED_FUNCTION = YES;
				GCC_WARN_UNUSED_VARIABLE = YES;
				IPHONEOS_DEPLOYMENT_TARGET = 11.4;
				MTL_ENABLE_DEBUG_INFO = YES;
				ONLY_ACTIVE_ARCH = YES;
				SDKROOT = iphoneos;
				SWIFT_ACTIVE_COMPILATION_CONDITIONS = DEBUG;
				SWIFT_OPTIMIZATION_LEVEL = "-Onone";
			};
			name = Debug;
		};
		E299877E214BA3180078E849 /* Release */ = {
			isa = XCBuildConfiguration;
			buildSettings = {
				ALWAYS_SEARCH_USER_PATHS = NO;
				CLANG_ANALYZER_NONNULL = YES;
				CLANG_ANALYZER_NUMBER_OBJECT_CONVERSION = YES_AGGRESSIVE;
				CLANG_CXX_LANGUAGE_STANDARD = "gnu++14";
				CLANG_CXX_LIBRARY = "libc++";
				CLANG_ENABLE_MODULES = YES;
				CLANG_ENABLE_OBJC_ARC = YES;
				CLANG_ENABLE_OBJC_WEAK = YES;
				CLANG_WARN_BLOCK_CAPTURE_AUTORELEASING = YES;
				CLANG_WARN_BOOL_CONVERSION = YES;
				CLANG_WARN_COMMA = YES;
				CLANG_WARN_CONSTANT_CONVERSION = YES;
				CLANG_WARN_DEPRECATED_OBJC_IMPLEMENTATIONS = YES;
				CLANG_WARN_DIRECT_OBJC_ISA_USAGE = YES_ERROR;
				CLANG_WARN_DOCUMENTATION_COMMENTS = YES;
				CLANG_WARN_EMPTY_BODY = YES;
				CLANG_WARN_ENUM_CONVERSION = YES;
				CLANG_WARN_INFINITE_RECURSION = YES;
				CLANG_WARN_INT_CONVERSION = YES;
				CLANG_WARN_NON_LITERAL_NULL_CONVERSION = YES;
				CLANG_WARN_OBJC_IMPLICIT_RETAIN_SELF = YES;
				CLANG_WARN_OBJC_LITERAL_CONVERSION = YES;
				CLANG_WARN_OBJC_ROOT_CLASS = YES_ERROR;
				CLANG_WARN_RANGE_LOOP_ANALYSIS = YES;
				CLANG_WARN_STRICT_PROTOTYPES = YES;
				CLANG_WARN_SUSPICIOUS_MOVE = YES;
				CLANG_WARN_UNGUARDED_AVAILABILITY = YES_AGGRESSIVE;
				CLANG_WARN_UNREACHABLE_CODE = YES;
				CLANG_WARN__DUPLICATE_METHOD_MATCH = YES;
				CODE_SIGN_IDENTITY = "iPhone Developer";
				COPY_PHASE_STRIP = NO;
				DEBUG_INFORMATION_FORMAT = "dwarf-with-dsym";
				ENABLE_NS_ASSERTIONS = NO;
				ENABLE_STRICT_OBJC_MSGSEND = YES;
				GCC_C_LANGUAGE_STANDARD = gnu11;
				GCC_NO_COMMON_BLOCKS = YES;
				GCC_WARN_64_TO_32_BIT_CONVERSION = YES;
				GCC_WARN_ABOUT_RETURN_TYPE = YES_ERROR;
				GCC_WARN_UNDECLARED_SELECTOR = YES;
				GCC_WARN_UNINITIALIZED_AUTOS = YES_AGGRESSIVE;
				GCC_WARN_UNUSED_FUNCTION = YES;
				GCC_WARN_UNUSED_VARIABLE = YES;
				IPHONEOS_DEPLOYMENT_TARGET = 11.4;
				MTL_ENABLE_DEBUG_INFO = NO;
				SDKROOT = iphoneos;
				SWIFT_COMPILATION_MODE = wholemodule;
				SWIFT_OPTIMIZATION_LEVEL = "-O";
				VALIDATE_PRODUCT = YES;
			};
			name = Release;
		};
		E2998780214BA3180078E849 /* Debug */ = {
			isa = XCBuildConfiguration;
			baseConfigurationReference = 8977A3A3A5B414FED1E8F500 /* Pods-OpenCVSample.debug.xcconfig */;
			buildSettings = {
				ASSETCATALOG_COMPILER_APPICON_NAME = AppIcon;
				CLANG_ENABLE_MODULES = YES;
				CODE_SIGN_STYLE = Automatic;
				DEVELOPMENT_TEAM = FFSWD6G3BK;
				INFOPLIST_FILE = OpenCVSample/Assets/Info.plist;
				LD_RUNPATH_SEARCH_PATHS = (
					"$(inherited)",
					"@executable_path/Frameworks",
				);
				PRODUCT_BUNDLE_IDENTIFIER = KyoheiHakka.OpenCVSample;
				PRODUCT_NAME = "$(TARGET_NAME)";
				SWIFT_OBJC_BRIDGING_HEADER = "OpenCVSample/OpenCVSample-Bridging-Header.h";
				SWIFT_OPTIMIZATION_LEVEL = "-Onone";
				SWIFT_VERSION = 4.2;
				TARGETED_DEVICE_FAMILY = "1,2";
			};
			name = Debug;
		};
		E2998781214BA3180078E849 /* Release */ = {
			isa = XCBuildConfiguration;
			baseConfigurationReference = DA859D2DB0B13D32C1051EA7 /* Pods-OpenCVSample.release.xcconfig */;
			buildSettings = {
				ASSETCATALOG_COMPILER_APPICON_NAME = AppIcon;
				CLANG_ENABLE_MODULES = YES;
				CODE_SIGN_STYLE = Automatic;
				DEVELOPMENT_TEAM = FFSWD6G3BK;
				INFOPLIST_FILE = OpenCVSample/Assets/Info.plist;
				LD_RUNPATH_SEARCH_PATHS = (
					"$(inherited)",
					"@executable_path/Frameworks",
				);
				PRODUCT_BUNDLE_IDENTIFIER = KyoheiHakka.OpenCVSample;
				PRODUCT_NAME = "$(TARGET_NAME)";
				SWIFT_OBJC_BRIDGING_HEADER = "OpenCVSample/OpenCVSample-Bridging-Header.h";
				SWIFT_VERSION = 4.2;
				TARGETED_DEVICE_FAMILY = "1,2";
			};
			name = Release;
		};
		E2998783214BA3180078E849 /* Debug */ = {
			isa = XCBuildConfiguration;
			baseConfigurationReference = 87EDB350E838270207DCE8D1 /* Pods-OpenCVSampleTests.debug.xcconfig */;
			buildSettings = {
				ALWAYS_EMBED_SWIFT_STANDARD_LIBRARIES = YES;
				BUNDLE_LOADER = "$(TEST_HOST)";
				CODE_SIGN_STYLE = Automatic;
				DEVELOPMENT_TEAM = FFSWD6G3BK;
				INFOPLIST_FILE = OpenCVSampleTests/Info.plist;
				LD_RUNPATH_SEARCH_PATHS = (
					"$(inherited)",
					"@executable_path/Frameworks",
					"@loader_path/Frameworks",
				);
				PRODUCT_BUNDLE_IDENTIFIER = KyoheiHakka.OpenCVSampleTests;
				PRODUCT_NAME = "$(TARGET_NAME)";
				SWIFT_VERSION = 4.2;
				TARGETED_DEVICE_FAMILY = "1,2";
				TEST_HOST = "$(BUILT_PRODUCTS_DIR)/OpenCVSample.app/OpenCVSample";
			};
			name = Debug;
		};
		E2998784214BA3180078E849 /* Release */ = {
			isa = XCBuildConfiguration;
			baseConfigurationReference = DAF48496AC33F71F50D26020 /* Pods-OpenCVSampleTests.release.xcconfig */;
			buildSettings = {
				ALWAYS_EMBED_SWIFT_STANDARD_LIBRARIES = YES;
				BUNDLE_LOADER = "$(TEST_HOST)";
				CODE_SIGN_STYLE = Automatic;
				DEVELOPMENT_TEAM = FFSWD6G3BK;
				INFOPLIST_FILE = OpenCVSampleTests/Info.plist;
				LD_RUNPATH_SEARCH_PATHS = (
					"$(inherited)",
					"@executable_path/Frameworks",
					"@loader_path/Frameworks",
				);
				PRODUCT_BUNDLE_IDENTIFIER = KyoheiHakka.OpenCVSampleTests;
				PRODUCT_NAME = "$(TARGET_NAME)";
				SWIFT_VERSION = 4.2;
				TARGETED_DEVICE_FAMILY = "1,2";
				TEST_HOST = "$(BUILT_PRODUCTS_DIR)/OpenCVSample.app/OpenCVSample";
			};
			name = Release;
		};
		E2998786214BA3180078E849 /* Debug */ = {
			isa = XCBuildConfiguration;
			baseConfigurationReference = 9FB0A977A534A0E0285E06B3 /* Pods-OpenCVSampleUITests.debug.xcconfig */;
			buildSettings = {
				ALWAYS_EMBED_SWIFT_STANDARD_LIBRARIES = YES;
				CODE_SIGN_STYLE = Automatic;
				DEVELOPMENT_TEAM = FFSWD6G3BK;
				INFOPLIST_FILE = OpenCVSampleUITests/Info.plist;
				LD_RUNPATH_SEARCH_PATHS = (
					"$(inherited)",
					"@executable_path/Frameworks",
					"@loader_path/Frameworks",
				);
				PRODUCT_BUNDLE_IDENTIFIER = KyoheiHakka.OpenCVSampleUITests;
				PRODUCT_NAME = "$(TARGET_NAME)";
				SWIFT_VERSION = 4.2;
				TARGETED_DEVICE_FAMILY = "1,2";
				TEST_TARGET_NAME = OpenCVSample;
			};
			name = Debug;
		};
		E2998787214BA3180078E849 /* Release */ = {
			isa = XCBuildConfiguration;
			baseConfigurationReference = BA696DE8A6B336AEDCFB7ABB /* Pods-OpenCVSampleUITests.release.xcconfig */;
			buildSettings = {
				ALWAYS_EMBED_SWIFT_STANDARD_LIBRARIES = YES;
				CODE_SIGN_STYLE = Automatic;
				DEVELOPMENT_TEAM = FFSWD6G3BK;
				INFOPLIST_FILE = OpenCVSampleUITests/Info.plist;
				LD_RUNPATH_SEARCH_PATHS = (
					"$(inherited)",
					"@executable_path/Frameworks",
					"@loader_path/Frameworks",
				);
				PRODUCT_BUNDLE_IDENTIFIER = KyoheiHakka.OpenCVSampleUITests;
				PRODUCT_NAME = "$(TARGET_NAME)";
				SWIFT_VERSION = 4.2;
				TARGETED_DEVICE_FAMILY = "1,2";
				TEST_TARGET_NAME = OpenCVSample;
			};
			name = Release;
		};
/* End XCBuildConfiguration section */

/* Begin XCConfigurationList section */
		E2998752214BA3170078E849 /* Build configuration list for PBXProject "OpenCVSample" */ = {
			isa = XCConfigurationList;
			buildConfigurations = (
				E299877D214BA3180078E849 /* Debug */,
				E299877E214BA3180078E849 /* Release */,
			);
			defaultConfigurationIsVisible = 0;
			defaultConfigurationName = Release;
		};
		E299877F214BA3180078E849 /* Build configuration list for PBXNativeTarget "OpenCVSample" */ = {
			isa = XCConfigurationList;
			buildConfigurations = (
				E2998780214BA3180078E849 /* Debug */,
				E2998781214BA3180078E849 /* Release */,
			);
			defaultConfigurationIsVisible = 0;
			defaultConfigurationName = Release;
		};
		E2998782214BA3180078E849 /* Build configuration list for PBXNativeTarget "OpenCVSampleTests" */ = {
			isa = XCConfigurationList;
			buildConfigurations = (
				E2998783214BA3180078E849 /* Debug */,
				E2998784214BA3180078E849 /* Release */,
			);
			defaultConfigurationIsVisible = 0;
			defaultConfigurationName = Release;
		};
		E2998785214BA3180078E849 /* Build configuration list for PBXNativeTarget "OpenCVSampleUITests" */ = {
			isa = XCConfigurationList;
			buildConfigurations = (
				E2998786214BA3180078E849 /* Debug */,
				E2998787214BA3180078E849 /* Release */,
			);
			defaultConfigurationIsVisible = 0;
			defaultConfigurationName = Release;
		};
/* End XCConfigurationList section */
	};
	rootObject = E299874F214BA3170078E849 /* Project object */;
}
